
Microsoft Visual Studio Solution File, Format Version 12.00
# Visual Studio Version 16
VisualStudioVersion = 16.0.30523.141
MinimumVisualStudioVersion = 10.0.40219.1
Project("{8BC9CEB8-8B4A-11D0-8D11-00A0C91BC942}") = "11.2", "11.2\11.2.vcxproj", "{6875CD3D-7A64-4483-AFAE-72CC865B2196}"
EndProject
Global
	GlobalSection(SolutionConfigurationPlatforms) = preSolution
		Debug|x64 = Debug|x64
		Debug|x86 = Debug|x86
		Release|x64 = Release|x64
		Release|x86 = Release|x86
	EndGlobalSection
	GlobalSection(ProjectConfigurationPlatforms) = postSolution
		{6875CD3D-7A64-4483-AFAE-72CC865B2196}.Debug|x64.ActiveCfg = Debug|x64
		{6875CD3D-7A64-4483-AFAE-72CC865B2196}.Debug|x64.Build.0 = Debug|x64
		{6875CD3D-7A64-4483-AFAE-72CC865B2196}.Debug|x86.ActiveCfg = Debug|Win32
		{6875CD3D-7A64-4483-AFAE-72CC865B2196}.Debug|x86.Build.0 = Debug|Win32
		{6875CD3D-7A64-4483-AFAE-72CC865B2196}.Release|x64.ActiveCfg = Release|x64
		{6875CD3D-7A64-4483-AFAE-72CC865B2196}.Release|x64.Build.0 = Release|x64
		{6875CD3D-7A64-4483-AFAE-72CC865B2196}.Release|x86.ActiveCfg = Release|Win32
		{6875CD3D-7A64-4483-AFAE-72CC865B2196}.Release|x86.Build.0 = Release|Win32
	EndGlobalSection
	GlobalSection(SolutionProperties) = preSolution
		HideSolutionNode = FALSE
	EndGlobalSection
	GlobalSection(ExtensibilityGlobals) = postSolution
		SolutionGuid = {EF8BE1DC-EF54-42C4-97A7-CFFDA3A24F3F}
	EndGlobalSection
EndGlobal
